// !$*UTF8*$!
{
	archiveVersion = 1;
	classes = {
	};
	objectVersion = 46;
	objects = {

/* Begin PBXBuildFile section */
		DB0D99771F64E2CC00B772E1 /* main.m in Sources */ = {isa = PBXBuildFile; fileRef = DB0D99761F64E2CC00B772E1 /* main.m */; };
		DB0D997A1F64E2CC00B772E1 /* AppDelegate.m in Sources */ = {isa = PBXBuildFile; fileRef = DB0D99791F64E2CC00B772E1 /* AppDelegate.m */; };
		DB0D997D1F64E2CC00B772E1 /* ViewController.m in Sources */ = {isa = PBXBuildFile; fileRef = DB0D997C1F64E2CC00B772E1 /* ViewController.m */; };
		DB0D99801F64E2CC00B772E1 /* Main.storyboard in Resources */ = {isa = PBXBuildFile; fileRef = DB0D997E1F64E2CC00B772E1 /* Main.storyboard */; };
		DB0D99821F64E2CC00B772E1 /* Assets.xcassets in Resources */ = {isa = PBXBuildFile; fileRef = DB0D99811F64E2CC00B772E1 /* Assets.xcassets */; };
		DB0D99851F64E2CC00B772E1 /* LaunchScreen.storyboard in Resources */ = {isa = PBXBuildFile; fileRef = DB0D99831F64E2CC00B772E1 /* LaunchScreen.storyboard */; };
		DB0D998F1F64E30200B772E1 /* CRTimeButton.m in Sources */ = {isa = PBXBuildFile; fileRef = DB0D998E1F64E30200B772E1 /* CRTimeButton.m */; };
/* End PBXBuildFile section */

/* Begin PBXFileReference section */
		DB0D99721F64E2CC00B772E1 /* CRTimeButtonDemo.app */ = {isa = PBXFileReference; explicitFileType = wrapper.application; includeInIndex = 0; path = CRTimeButtonDemo.app; sourceTree = BUILT_PRODUCTS_DIR; };
		DB0D99761F64E2CC00B772E1 /* main.m */ = {isa = PBXFileReference; lastKnownFileType = sourcecode.c.objc; path = main.m; sourceTree = "<group>"; };
		DB0D99781F64E2CC00B772E1 /* AppDelegate.h */ = {isa = PBXFileReference; lastKnownFileType = sourcecode.c.h; path = AppDelegate.h; sourceTree = "<group>"; };
		DB0D99791F64E2CC00B772E1 /* AppDelegate.m */ = {isa = PBXFileReference; lastKnownFileType = sourcecode.c.objc; path = AppDelegate.m; sourceTree = "<group>"; };
		DB0D997B1F64E2CC00B772E1 /* ViewController.h */ = {isa = PBXFileReference; lastKnownFileType = sourcecode.c.h; path = ViewController.h; sourceTree = "<group>"; };
		DB0D997C1F64E2CC00B772E1 /* ViewController.m */ = {isa = PBXFileReference; lastKnownFileType = sourcecode.c.objc; path = ViewController.m; sourceTree = "<group>"; };
		DB0D997F1F64E2CC00B772E1 /* Base */ = {isa = PBXFileReference; lastKnownFileType = file.storyboard; name = Base; path = Base.lproj/Main.storyboard; sourceTree = "<group>"; };
		DB0D99811F64E2CC00B772E1 /* Assets.xcassets */ = {isa = PBXFileReference; lastKnownFileType = folder.assetcatalog; path = Assets.xcassets; sourceTree = "<group>"; };
		DB0D99841F64E2CC00B772E1 /* Base */ = {isa = PBXFileReference; lastKnownFileType = file.storyboard; name = Base; path = Base.lproj/LaunchScreen.storyboard; sourceTree = "<group>"; };
		DB0D99861F64E2CC00B772E1 /* Info.plist */ = {isa = PBXFileReference; lastKnownFileType = text.plist.xml; path = Info.plist; sourceTree = "<group>"; };
		DB0D998D1F64E30200B772E1 /* CRTimeButton.h */ = {isa = PBXFileReference; fileEncoding = 4; lastKnownFileType = sourcecode.c.h; path = CRTimeButton.h; sourceTree = "<group>"; };
		DB0D998E1F64E30200B772E1 /* CRTimeButton.m */ = {isa = PBXFileReference; fileEncoding = 4; lastKnownFileType = sourcecode.c.objc; path = CRTimeButton.m; sourceTree = "<group>"; };
/* End PBXFileReference section */

/* Begin PBXFrameworksBuildPhase section */
		DB0D996F1F64E2CC00B772E1 /* Frameworks */ = {
			isa = PBXFrameworksBuildPhase;
			buildActionMask = 2147483647;
			files = (
			);
			runOnlyForDeploymentPostprocessing = 0;
		};
/* End PBXFrameworksBuildPhase section */

/* Begin PBXGroup section */
		DB0D99691F64E2CC00B772E1 = {
			isa = PBXGroup;
			children = (
				DB0D99741F64E2CC00B772E1 /* CRTimeButtonDemo */,
				DB0D99731F64E2CC00B772E1 /* Products */,
			);
			sourceTree = "<group>";
		};
		DB0D99731F64E2CC00B772E1 /* Products */ = {
			isa = PBXGroup;
			children = (
				DB0D99721F64E2CC00B772E1 /* CRTimeButtonDemo.app */,
			);
			name = Products;
			sourceTree = "<group>";
		};
		DB0D99741F64E2CC00B772E1 /* CRTimeButtonDemo */ = {
			isa = PBXGroup;
			children = (
				DB0D998C1F64E30200B772E1 /* CRTimeButton */,
				DB0D99781F64E2CC00B772E1 /* AppDelegate.h */,
				DB0D99791F64E2CC00B772E1 /* AppDelegate.m */,
				DB0D997B1F64E2CC00B772E1 /* ViewController.h */,
				DB0D997C1F64E2CC00B772E1 /* ViewController.m */,
				DB0D997E1F64E2CC00B772E1 /* Main.storyboard */,
				DB0D99811F64E2CC00B772E1 /* Assets.xcassets */,
				DB0D99831F64E2CC00B772E1 /* LaunchScreen.storyboard */,
				DB0D99861F64E2CC00B772E1 /* Info.plist */,
				DB0D99751F64E2CC00B772E1 /* Supporting Files */,
			);
			path = CRTimeButtonDemo;
			sourceTree = "<group>";
		};
		DB0D99751F64E2CC00B772E1 /* Supporting Files */ = {
			isa = PBXGroup;
			children = (
				DB0D99761F64E2CC00B772E1 /* main.m */,
			);
			name = "Supporting Files";
			sourceTree = "<group>";
		};
		DB0D998C1F64E30200B772E1 /* CRTimeButton */ = {
			isa = PBXGroup;
			children = (
				DB0D998D1F64E30200B772E1 /* CRTimeButton.h */,
				DB0D998E1F64E30200B772E1 /* CRTimeButton.m */,
			);
			path = CRTimeButton;
			sourceTree = "<group>";
		};
/* End PBXGroup section */

/* Begin PBXNativeTarget section */
		DB0D99711F64E2CC00B772E1 /* CRTimeButtonDemo */ = {
			isa = PBXNativeTarget;
			buildConfigurationList = DB0D99891F64E2CC00B772E1 /* Build configuration list for PBXNativeTarget "CRTimeButtonDemo" */;
			buildPhases = (
				DB0D996E1F64E2CC00B772E1 /* Sources */,
				DB0D996F1F64E2CC00B772E1 /* Frameworks */,
				DB0D99701F64E2CC00B772E1 /* Resources */,
			);
			buildRules = (
			);
			dependencies = (
			);
			name = CRTimeButtonDemo;
			productName = CRTimeButtonDemo;
			productReference = DB0D99721F64E2CC00B772E1 /* CRTimeButtonDemo.app */;
			productType = "com.apple.product-type.application";
		};
/* End PBXNativeTarget section */

/* Begin PBXProject section */
		DB0D996A1F64E2CC00B772E1 /* Project object */ = {
			isa = PBXProject;
			attributes = {
				LastUpgradeCheck = 0830;
				ORGANIZATIONNAME = cocoaroger;
				TargetAttributes = {
					DB0D99711F64E2CC00B772E1 = {
						CreatedOnToolsVersion = 8.3.2;
						ProvisioningStyle = Manual;
					};
				};
			};
			buildConfigurationList = DB0D996D1F64E2CC00B772E1 /* Build configuration list for PBXProject "CRTimeButtonDemo" */;
			compatibilityVersion = "Xcode 3.2";
			developmentRegion = English;
			hasScannedForEncodings = 0;
			knownRegions = (
				en,
				Base,
			);
			mainGroup = DB0D99691F64E2CC00B772E1;
			productRefGroup = DB0D99731F64E2CC00B772E1 /* Products */;
			projectDirPath = "";
			projectRoot = "";
			targets = (
				DB0D99711F64E2CC00B772E1 /* CRTimeButtonDemo */,
			);
		};
/* End PBXProject section */

/* Begin PBXResourcesBuildPhase section */
		DB0D99701F64E2CC00B772E1 /* Resources */ = {
			isa = PBXResourcesBuildPhase;
			buildActionMask = 2147483647;
			files = (
				DB0D99851F64E2CC00B772E1 /* LaunchScreen.storyboard in Resources */,
				DB0D99821F64E2CC00B772E1 /* Assets.xcassets in Resources */,
				DB0D99801F64E2CC00B772E1 /* Main.storyboard in Resources */,
			);
			runOnlyForDeploymentPostprocessing = 0;
		};
/* End PBXResourcesBuildPhase section */

/* Begin PBXSourcesBuildPhase section */
		DB0D996E1F64E2CC00B772E1 /* Sources */ = {
			isa = PBXSourcesBuildPhase;
			buildActionMask = 2147483647;
			files = (
				DB0D997D1F64E2CC00B772E1 /* ViewController.m in Sources */,
				DB0D998F1F64E30200B772E1 /* CRTimeButton.m in Sources */,
				DB0D997A1F64E2CC00B772E1 /* AppDelegate.m in Sources */,
				DB0D99771F64E2CC00B772E1 /* main.m in Sources */,
			);
			runOnlyForDeploymentPostprocessing = 0;
		};
/* End PBXSourcesBuildPhase section */

/* Begin PBXVariantGroup section */
		DB0D997E1F64E2CC00B772E1 /* Main.storyboard */ = {
			isa = PBXVariantGroup;
			children = (
				DB0D997F1F64E2CC00B772E1 /* Base */,
			);
			name = Main.storyboard;
			sourceTree = "<group>";
		};
		DB0D99831F64E2CC00B772E1 /* LaunchScreen.storyboard */ = {
			isa = PBXVariantGroup;
			children = (
				DB0D99841F64E2CC00B772E1 /* Base */,
			);
			name = LaunchScreen.storyboard;
			sourceTree = "<group>";
		};
/* End PBXVariantGroup section */

/* Begin XCBuildConfiguration section */
		DB0D99871F64E2CC00B772E1 /* Debug */ = {
			isa = XCBuildConfiguration;
			buildSettings = {
				ALWAYS_SEARCH_USER_PATHS = NO;
				CLANG_ANALYZER_NONNULL = YES;
				CLANG_ANALYZER_NUMBER_OBJECT_CONVERSION = YES_AGGRESSIVE;
				CLANG_CXX_LANGUAGE_STANDARD = "gnu++0x";
				CLANG_CXX_LIBRARY = "libc++";
				CLANG_ENABLE_MODULES = YES;
				CLANG_ENABLE_OBJC_ARC = YES;
				CLANG_WARN_BOOL_CONVERSION = YES;
				CLANG_WARN_CONSTANT_CONVERSION = YES;
				CLANG_WARN_DIRECT_OBJC_ISA_USAGE = YES_ERROR;
				CLANG_WARN_DOCUMENTATION_COMMENTS = YES;
				CLANG_WARN_EMPTY_BODY = YES;
				CLANG_WARN_ENUM_CONVERSION = YES;
				CLANG_WARN_INFINITE_RECURSION = YES;
				CLANG_WARN_INT_CONVERSION = YES;
				CLANG_WARN_OBJC_ROOT_CLASS = YES_ERROR;
				CLANG_WARN_SUSPICIOUS_MOVE = YES;
				CLANG_WARN_UNREACHABLE_CODE = YES;
				CLANG_WARN__DUPLICATE_METHOD_MATCH = YES;
				"CODE_SIGN_IDENTITY[sdk=iphoneos*]" = "iPhone Developer";
				COPY_PHASE_STRIP = NO;
				DEBUG_INFORMATION_FORMAT = dwarf;
				ENABLE_STRICT_OBJC_MSGSEND = YES;
				ENABLE_TESTABILITY = YES;
				GCC_C_LANGUAGE_STANDARD = gnu99;
				GCC_DYNAMIC_NO_PIC = NO;
				GCC_NO_COMMON_BLOCKS = YES;
				GCC_OPTIMIZATION_LEVEL = 0;
				GCC_PREPROCESSOR_DEFINITIONS = (
					"DEBUG=1",
					"$(inherited)",
				);
				GCC_WARN_64_TO_32_BIT_CONVERSION = YES;
				GCC_WARN_ABOUT_RETURN_TYPE = YES_ERROR;
				GCC_WARN_UNDECLARED_SELECTOR = YES;
				GCC_WARN_UNINITIALIZED_AUTOS = YES_AGGRESSIVE;
				GCC_WARN_UNUSED_FUNCTION = YES;
				GCC_WARN_UNUSED_VARIABLE = YES;
				IPHONEOS_DEPLOYMENT_TARGET = 10.3;
				MTL_ENABLE_DEBUG_INFO = YES;
				ONLY_ACTIVE_ARCH = YES;
				SDKROOT = iphoneos;
			};
			name = Debug;
		};
		DB0D99881F64E2CC00B772E1 /* Release */ = {
			isa = XCBuildConfiguration;
			buildSettings = {
				ALWAYS_SEARCH_USER_PATHS = NO;
				CLANG_ANALYZER_NONNULL = YES;
				CLANG_ANALYZER_NUMBER_OBJECT_CONVERSION = YES_AGGRESSIVE;
				CLANG_CXX_LANGUAGE_STANDARD = "gnu++0x";
				CLANG_CXX_LIBRARY = "libc++";
				CLANG_ENABLE_MODULES = YES;
				CLANG_ENABLE_OBJC_ARC = YES;
				CLANG_WARN_BOOL_CONVERSION = YES;
				CLANG_WARN_CONSTANT_CONVERSION = YES;
				CLANG_WARN_DIRECT_OBJC_ISA_USAGE = YES_ERROR;
				CLANG_WARN_DOCUMENTATION_COMMENTS = YES;
				CLANG_WARN_EMPTY_BODY = YES;
				CLANG_WARN_ENUM_CONVERSION = YES;
				CLANG_WARN_INFINITE_RECURSION = YES;
				CLANG_WARN_INT_CONVERSION = YES;
				CLANG_WARN_OBJC_ROOT_CLASS = YES_ERROR;
				CLANG_WARN_SUSPICIOUS_MOVE = YES;
				CLANG_WARN_UNREACHABLE_CODE = YES;
				CLANG_WARN__DUPLICATE_METHOD_MATCH = YES;
				"CODE_SIGN_IDENTITY[sdk=iphoneos*]" = "iPhone Developer";
				COPY_PHASE_STRIP = NO;
				DEBUG_INFORMATION_FORMAT = "dwarf-with-dsym";
				ENABLE_NS_ASSERTIONS = NO;
				ENABLE_STRICT_OBJC_MSGSEND = YES;
				GCC_C_LANGUAGE_STANDARD = gnu99;
				GCC_NO_COMMON_BLOCKS = YES;
				GCC_WARN_64_TO_32_BIT_CONVERSION = YES;
				GCC_WARN_ABOUT_RETURN_TYPE = YES_ERROR;
				GCC_WARN_UNDECLARED_SELECTOR = YES;
				GCC_WARN_UNINITIALIZED_AUTOS = YES_AGGRESSIVE;
				GCC_WARN_UNUSED_FUNCTION = YES;
				GCC_WARN_UNUSED_VARIABLE = YES;
				IPHONEOS_DEPLOYMENT_TARGET = 10.3;
				MTL_ENABLE_DEBUG_INFO = NO;
				SDKROOT = iphoneos;
				VALIDATE_PRODUCT = YES;
			};
			name = Release;
		};
		DB0D998A1F64E2CC00B772E1 /* Debug */ = {
			isa = XCBuildConfiguration;
			buildSettings = {
				ASSETCATALOG_COMPILER_APPICON_NAME = AppIcon;
				"CODE_SIGN_IDENTITY[sdk=iphoneos*]" = "iPhone Developer";
				DEVELOPMENT_TEAM = "";
				INFOPLIST_FILE = CRTimeButtonDemo/Info.plist;
				IPHONEOS_DEPLOYMENT_TARGET = 8.0;
				LD_RUNPATH_SEARCH_PATHS = "$(inherited) @executable_path/Frameworks";
				PRODUCT_BUNDLE_IDENTIFIER = com.cocoaroger.CRTimeButtonDemo;
				PRODUCT_NAME = "$(TARGET_NAME)";
				PROVISIONING_PROFILE = "";
				PROVISIONING_PROFILE_SPECIFIER = "";
			};
			name = Debug;
		};
		DB0D998B1F64E2CC00B772E1 /* Release */ = {
			isa = XCBuildConfiguration;
			buildSettings = {
				ASSETCATALOG_COMPILER_APPICON_NAME = AppIcon;
				"CODE_SIGN_IDENTITY[sdk=iphoneos*]" = "iPhone Developer";
				DEVELOPMENT_TEAM = "";
				INFOPLIST_FILE = CRTimeButtonDemo/Info.plist;
				IPHONEOS_DEPLOYMENT_TARGET = 8.0;
				LD_RUNPATH_SEARCH_PATHS = "$(inherited) @executable_path/Frameworks";
				PRODUCT_BUNDLE_IDENTIFIER = com.cocoaroger.CRTimeButtonDemo;
				PRODUCT_NAME = "$(TARGET_NAME)";
				PROVISIONING_PROFILE_SPECIFIER = "";
			};
			name = Release;
		};
/* End XCBuildConfiguration section */

/* Begin XCConfigurationList section */
		DB0D996D1F64E2CC00B772E1 /* Build configuration list for PBXProject "CRTimeButtonDemo" */ = {
			isa = XCConfigurationList;
			buildConfigurations = (
				DB0D99871F64E2CC00B772E1 /* Debug */,
				DB0D99881F64E2CC00B772E1 /* Release */,
			);
			defaultConfigurationIsVisible = 0;
			defaultConfigurationName = Release;
		};
		DB0D99891F64E2CC00B772E1 /* Build configuration list for PBXNativeTarget "CRTimeButtonDemo" */ = {
			isa = XCConfigurationList;
			buildConfigurations = (
				DB0D998A1F64E2CC00B772E1 /* Debug */,
				DB0D998B1F64E2CC00B772E1 /* Release */,
			);
			defaultConfigurationIsVisible = 0;
			defaultConfigurationName = Release;
		};
/* End XCConfigurationList section */
	};
	rootObject = DB0D996A1F64E2CC00B772E1 /* Project object */;
}
